
Microsoft Visual Studio Solution File, Format Version 12.00
# Visual Studio Version 16
VisualStudioVersion = 16.0.32106.194
MinimumVisualStudioVersion = 10.0.40219.1
Project("{FAE04EC0-301F-11D3-BF4B-00C04F79EFBC}") = "SteeringWheel Interface", "SteeringWheel Interface.csproj", "{3949B636-D0A7-4EB2-9E0A-EE0808E2E0E1}"
EndProject
Global
	GlobalSection(SolutionConfigurationPlatforms) = preSolution
		Debug|Any CPU = Debug|Any CPU
		Release|Any CPU = Release|Any CPU
	EndGlobalSection
	GlobalSection(ProjectConfigurationPlatforms) = postSolution
		{3949B636-D0A7-4EB2-9E0A-EE0808E2E0E1}.Debug|Any CPU.ActiveCfg = Debug|Any CPU
		{3949B636-D0A7-4EB2-9E0A-EE0808E2E0E1}.Debug|Any CPU.Build.0 = Debug|Any CPU
		{3949B636-D0A7-4EB2-9E0A-EE0808E2E0E1}.Release|Any CPU.ActiveCfg = Release|Any CPU
		{3949B636-D0A7-4EB2-9E0A-EE0808E2E0E1}.Release|Any CPU.Build.0 = Release|Any CPU
	EndGlobalSection
	GlobalSection(SolutionProperties) = preSolution
		HideSolutionNode = FALSE
	EndGlobalSection
	GlobalSection(ExtensibilityGlobals) = postSolution
		SolutionGuid = {D9F60E39-A1C8-4725-AC06-CE0084AC858E}
	EndGlobalSection
EndGlobal
